
Microsoft Visual Studio Solution File, Format Version 12.00
# Visual Studio Version 17
VisualStudioVersion = 17.0.32014.148
MinimumVisualStudioVersion = 10.0.40219.1
Project("{2150E333-8FDC-42A3-9474-1A3956D46DE8}") = "Domain", "Domain", "{584E7225-1081-46D7-A872-B9FAFCD0C2EA}"
EndProject
Project("{9A19103F-16F7-4668-BE54-9A1E7A4F7556}") = "Test.Domain", "Test.Domain\Test.Domain.csproj", "{0DE32691-D607-43CC-A3CC-4836595FFEF8}"
EndProject
Project("{2150E333-8FDC-42A3-9474-1A3956D46DE8}") = "Infrastructure", "Infrastructure", "{B68145A0-E88D-4928-ACBC-AEDD0CEEB7DF}"
EndProject
Project("{9A19103F-16F7-4668-BE54-9A1E7A4F7556}") = "Test.Infrastructure", "Test.Infrastructure\Test.Infrastructure.csproj", "{AF9416BA-64C0-4D9C-BF12-555D45BCF32A}"
EndProject
Project("{2150E333-8FDC-42A3-9474-1A3956D46DE8}") = "Api", "Api", "{EB34D5BC-49F7-4751-83D8-C351B82C0D16}"
EndProject
Project("{FAE04EC0-301F-11D3-BF4B-00C04F79EFBC}") = "Test.Api", "Test.Api\Test.Api.csproj", "{6FF07DBD-2AC1-4ECE-9E22-4B9F01FBEA2D}"
EndProject
Project("{2150E333-8FDC-42A3-9474-1A3956D46DE8}") = "TestUnit", "TestUnit", "{993B3C95-F24F-43F1-979F-CF072DB6414A}"
EndProject
Project("{FAE04EC0-301F-11D3-BF4B-00C04F79EFBC}") = "TestProject1", "TestProject1\TestProject1.csproj", "{08054928-C5DA-4B3E-B7A6-B999BDD22F8E}"
EndProject
Global
	GlobalSection(SolutionConfigurationPlatforms) = preSolution
		Debug|Any CPU = Debug|Any CPU
		Release|Any CPU = Release|Any CPU
	EndGlobalSection
	GlobalSection(ProjectConfigurationPlatforms) = postSolution
		{0DE32691-D607-43CC-A3CC-4836595FFEF8}.Debug|Any CPU.ActiveCfg = Debug|Any CPU
		{0DE32691-D607-43CC-A3CC-4836595FFEF8}.Debug|Any CPU.Build.0 = Debug|Any CPU
		{0DE32691-D607-43CC-A3CC-4836595FFEF8}.Release|Any CPU.ActiveCfg = Release|Any CPU
		{0DE32691-D607-43CC-A3CC-4836595FFEF8}.Release|Any CPU.Build.0 = Release|Any CPU
		{AF9416BA-64C0-4D9C-BF12-555D45BCF32A}.Debug|Any CPU.ActiveCfg = Debug|Any CPU
		{AF9416BA-64C0-4D9C-BF12-555D45BCF32A}.Debug|Any CPU.Build.0 = Debug|Any CPU
		{AF9416BA-64C0-4D9C-BF12-555D45BCF32A}.Release|Any CPU.ActiveCfg = Release|Any CPU
		{AF9416BA-64C0-4D9C-BF12-555D45BCF32A}.Release|Any CPU.Build.0 = Release|Any CPU
		{6FF07DBD-2AC1-4ECE-9E22-4B9F01FBEA2D}.Debug|Any CPU.ActiveCfg = Debug|Any CPU
		{6FF07DBD-2AC1-4ECE-9E22-4B9F01FBEA2D}.Debug|Any CPU.Build.0 = Debug|Any CPU
		{6FF07DBD-2AC1-4ECE-9E22-4B9F01FBEA2D}.Release|Any CPU.ActiveCfg = Release|Any CPU
		{6FF07DBD-2AC1-4ECE-9E22-4B9F01FBEA2D}.Release|Any CPU.Build.0 = Release|Any CPU
		{08054928-C5DA-4B3E-B7A6-B999BDD22F8E}.Debug|Any CPU.ActiveCfg = Debug|Any CPU
		{08054928-C5DA-4B3E-B7A6-B999BDD22F8E}.Debug|Any CPU.Build.0 = Debug|Any CPU
		{08054928-C5DA-4B3E-B7A6-B999BDD22F8E}.Release|Any CPU.ActiveCfg = Release|Any CPU
		{08054928-C5DA-4B3E-B7A6-B999BDD22F8E}.Release|Any CPU.Build.0 = Release|Any CPU
	EndGlobalSection
	GlobalSection(SolutionProperties) = preSolution
		HideSolutionNode = FALSE
	EndGlobalSection
	GlobalSection(NestedProjects) = preSolution
		{0DE32691-D607-43CC-A3CC-4836595FFEF8} = {584E7225-1081-46D7-A872-B9FAFCD0C2EA}
		{AF9416BA-64C0-4D9C-BF12-555D45BCF32A} = {B68145A0-E88D-4928-ACBC-AEDD0CEEB7DF}
		{6FF07DBD-2AC1-4ECE-9E22-4B9F01FBEA2D} = {EB34D5BC-49F7-4751-83D8-C351B82C0D16}
		{08054928-C5DA-4B3E-B7A6-B999BDD22F8E} = {993B3C95-F24F-43F1-979F-CF072DB6414A}
	EndGlobalSection
	GlobalSection(ExtensibilityGlobals) = postSolution
		SolutionGuid = {248AA380-DE0F-4ED1-8F97-785DA907BF25}
	EndGlobalSection
EndGlobal
